// !$*UTF8*$!
{
	archiveVersion = 1;
	classes = {
	};
	objectVersion = 46;
	objects = {

/* Begin PBXBuildFile section */
		42AFE8691BEB324C00C886E1 /* EarMaster.xcdatamodeld in Sources */ = {isa = PBXBuildFile; fileRef = 42AFE8671BEB324C00C886E1 /* EarMaster.xcdatamodeld */; };
		42AFE86D1BEB58BF00C886E1 /* EMDataContextManager.m in Sources */ = {isa = PBXBuildFile; fileRef = 42AFE86C1BEB58BF00C886E1 /* EMDataContextManager.m */; };
		42AFE8721BED081B00C886E1 /* User+CoreDataProperties.m in Sources */ = {isa = PBXBuildFile; fileRef = 42AFE86F1BED081B00C886E1 /* User+CoreDataProperties.m */; };
		42AFE8731BED081B00C886E1 /* User.m in Sources */ = {isa = PBXBuildFile; fileRef = 42AFE8711BED081B00C886E1 /* User.m */; };
		42AFE8841BED083A00C886E1 /* Experience+CoreDataProperties.m in Sources */ = {isa = PBXBuildFile; fileRef = 42AFE8751BED083A00C886E1 /* Experience+CoreDataProperties.m */; };
		42AFE8851BED083A00C886E1 /* Experience.m in Sources */ = {isa = PBXBuildFile; fileRef = 42AFE8771BED083A00C886E1 /* Experience.m */; };
		42AFE8861BED083A00C886E1 /* LevelNum+CoreDataProperties.m in Sources */ = {isa = PBXBuildFile; fileRef = 42AFE8791BED083A00C886E1 /* LevelNum+CoreDataProperties.m */; };
		42AFE8871BED083A00C886E1 /* LevelNum.m in Sources */ = {isa = PBXBuildFile; fileRef = 42AFE87B1BED083A00C886E1 /* LevelNum.m */; };
		42AFE8881BED083A00C886E1 /* Level+CoreDataProperties.m in Sources */ = {isa = PBXBuildFile; fileRef = 42AFE87D1BED083A00C886E1 /* Level+CoreDataProperties.m */; };
		42AFE8891BED083A00C886E1 /* Level.m in Sources */ = {isa = PBXBuildFile; fileRef = 42AFE87F1BED083A00C886E1 /* Level.m */; };
		42AFE88A1BED083A00C886E1 /* Props+CoreDataProperties.m in Sources */ = {isa = PBXBuildFile; fileRef = 42AFE8811BED083A00C886E1 /* Props+CoreDataProperties.m */; };
		42AFE88B1BED083A00C886E1 /* Props.m in Sources */ = {isa = PBXBuildFile; fileRef = 42AFE8831BED083A00C886E1 /* Props.m */; };
		42AFE8A91BF064D800C886E1 /* ww.mid in Resources */ = {isa = PBXBuildFile; fileRef = 42AFE8A81BF064D800C886E1 /* ww.mid */; };
		42AFEDB91BF066B100C886E1 /* XAudioPlayer.m in Sources */ = {isa = PBXBuildFile; fileRef = 42AFE8AD1BF066AD00C886E1 /* XAudioPlayer.m */; };
		42AFEDBA1BF066B100C886E1 /* XAudioUnit.m in Sources */ = {isa = PBXBuildFile; fileRef = 42AFE8AF1BF066AD00C886E1 /* XAudioUnit.m */; };
		42AFEDBB1BF066B100C886E1 /* XInstrumentAupreset.m in Sources */ = {isa = PBXBuildFile; fileRef = 42AFE8B11BF066AD00C886E1 /* XInstrumentAupreset.m */; };
		42AFEDBC1BF066B100C886E1 /* XFunction.m in Sources */ = {isa = PBXBuildFile; fileRef = 42AFE8B41BF066AD00C886E1 /* XFunction.m */; };
		42AFEDBD1BF066B100C886E1 /* XMidiChannelMessageEvent.m in Sources */ = {isa = PBXBuildFile; fileRef = 42AFE8B81BF066AD00C886E1 /* XMidiChannelMessageEvent.m */; };
		42AFEDBE1BF066B100C886E1 /* XMidiEvent.m in Sources */ = {isa = PBXBuildFile; fileRef = 42AFE8BA1BF066AD00C886E1 /* XMidiEvent.m */; };
		42AFEDBF1BF066B100C886E1 /* XMidiNoteMessageEvent.m in Sources */ = {isa = PBXBuildFile; fileRef = 42AFE8BC1BF066AD00C886E1 /* XMidiNoteMessageEvent.m */; };
		42AFEDC01BF066B100C886E1 /* XMidiTempoEvent.m in Sources */ = {isa = PBXBuildFile; fileRef = 42AFE8BE1BF066AD00C886E1 /* XMidiTempoEvent.m */; };
		42AFEDC11BF066B100C886E1 /* XMidiEventIterator.m in Sources */ = {isa = PBXBuildFile; fileRef = 42AFE8C01BF066AD00C886E1 /* XMidiEventIterator.m */; };
		42AFEDC21BF066B100C886E1 /* XMidiSequence.m in Sources */ = {isa = PBXBuildFile; fileRef = 42AFE8C21BF066AD00C886E1 /* XMidiSequence.m */; };
		42AFEDC31BF066B100C886E1 /* XMidiTrack.m in Sources */ = {isa = PBXBuildFile; fileRef = 42AFE8C41BF066AD00C886E1 /* XMidiTrack.m */; };
		42AFEDC41BF066B100C886E1 /* XMidiPlayer.m in Sources */ = {isa = PBXBuildFile; fileRef = 42AFE8C71BF066AD00C886E1 /* XMidiPlayer.m */; };
		42AFF53F1BF07F2F00C886E1 /* Alto Sax.aupreset in Resources */ = {isa = PBXBuildFile; fileRef = 42AFF5351BF07F2F00C886E1 /* Alto Sax.aupreset */; };
		42AFF5401BF07F2F00C886E1 /* Celesta.aupreset in Resources */ = {isa = PBXBuildFile; fileRef = 42AFF5361BF07F2F00C886E1 /* Celesta.aupreset */; };
		42AFF5411BF07F2F00C886E1 /* Classical Acoustic Guitar.aupreset in Resources */ = {isa = PBXBuildFile; fileRef = 42AFF5371BF07F2F00C886E1 /* Classical Acoustic Guitar.aupreset */; };
		42AFF5421BF07F2F00C886E1 /* Flutes.aupreset in Resources */ = {isa = PBXBuildFile; fileRef = 42AFF5381BF07F2F00C886E1 /* Flutes.aupreset */; };
		42AFF5431BF07F2F00C886E1 /* French Horns.aupreset in Resources */ = {isa = PBXBuildFile; fileRef = 42AFF5391BF07F2F00C886E1 /* French Horns.aupreset */; };
		42AFF5441BF07F2F00C886E1 /* Full Organ.aupreset in Resources */ = {isa = PBXBuildFile; fileRef = 42AFF53A1BF07F2F00C886E1 /* Full Organ.aupreset */; };
		42AFF5451BF07F2F00C886E1 /* Muted Electric Bass.aupreset in Resources */ = {isa = PBXBuildFile; fileRef = 42AFF53B1BF07F2F00C886E1 /* Muted Electric Bass.aupreset */; };
		42AFF5461BF07F2F00C886E1 /* Orchestral Kit.aupreset in Resources */ = {isa = PBXBuildFile; fileRef = 42AFF53C1BF07F2F00C886E1 /* Orchestral Kit.aupreset */; };
		42AFF5471BF07F2F00C886E1 /* String Ensemble.aupreset in Resources */ = {isa = PBXBuildFile; fileRef = 42AFF53D1BF07F2F00C886E1 /* String Ensemble.aupreset */; };
		42AFF5481BF07F2F00C886E1 /* Yamaha Grand Piano.aupreset in Resources */ = {isa = PBXBuildFile; fileRef = 42AFF53E1BF07F2F00C886E1 /* Yamaha Grand Piano.aupreset */; };
		42E839111BC7F3640034DCCE /* CheckPoint.plist in Resources */ = {isa = PBXBuildFile; fileRef = 42E839101BC7F3640034DCCE /* CheckPoint.plist */; };
		42E839151BC7F80C0034DCCE /* PlistResources.m in Sources */ = {isa = PBXBuildFile; fileRef = 42E839141BC7F80C0034DCCE /* PlistResources.m */; };
		42E839201BC806C40034DCCE /* TTAlertView.m in Sources */ = {isa = PBXBuildFile; fileRef = 42E8391F1BC806C40034DCCE /* TTAlertView.m */; };
		C14CA3BB1B99A65100525099 /* EMRootViewController.m in Sources */ = {isa = PBXBuildFile; fileRef = C14CA3BA1B99A65100525099 /* EMRootViewController.m */; };
		C14CA3BE1B99A9AD00525099 /* EMNavigationController.m in Sources */ = {isa = PBXBuildFile; fileRef = C14CA3BD1B99A9AD00525099 /* EMNavigationController.m */; };
		C15189671B999F2B00249300 /* main.m in Sources */ = {isa = PBXBuildFile; fileRef = C15189661B999F2B00249300 /* main.m */; };
		C151896A1B999F2B00249300 /* AppDelegate.m in Sources */ = {isa = PBXBuildFile; fileRef = C15189691B999F2B00249300 /* AppDelegate.m */; };
		C15189701B999F2B00249300 /* Main.storyboard in Resources */ = {isa = PBXBuildFile; fileRef = C151896E1B999F2B00249300 /* Main.storyboard */; };
		C15189721B999F2B00249300 /* Images.xcassets in Resources */ = {isa = PBXBuildFile; fileRef = C15189711B999F2B00249300 /* Images.xcassets */; };
		C15189751B999F2B00249300 /* LaunchScreen.xib in Resources */ = {isa = PBXBuildFile; fileRef = C15189731B999F2B00249300 /* LaunchScreen.xib */; };
		C15189811B999F2B00249300 /* EarMasterTests.m in Sources */ = {isa = PBXBuildFile; fileRef = C15189801B999F2B00249300 /* EarMasterTests.m */; };
/* End PBXBuildFile section */

/* Begin PBXContainerItemProxy section */
		C151897B1B999F2B00249300 /* PBXContainerItemProxy */ = {
			isa = PBXContainerItemProxy;
			containerPortal = C15189591B999F2B00249300 /* Project object */;
			proxyType = 1;
			remoteGlobalIDString = C15189601B999F2B00249300;
			remoteInfo = EarMaster;
		};
/* End PBXContainerItemProxy section */

/* Begin PBXFileReference section */
		42AFE8681BEB324C00C886E1 /* EarMaster.xcdatamodel */ = {isa = PBXFileReference; lastKnownFileType = wrapper.xcdatamodel; path = EarMaster.xcdatamodel; sourceTree = "<group>"; };
		42AFE86B1BEB58BF00C886E1 /* EMDataContextManager.h */ = {isa = PBXFileReference; fileEncoding = 4; lastKnownFileType = sourcecode.c.h; path = EMDataContextManager.h; sourceTree = "<group>"; };
		42AFE86C1BEB58BF00C886E1 /* EMDataContextManager.m */ = {isa = PBXFileReference; fileEncoding = 4; lastKnownFileType = sourcecode.c.objc; path = EMDataContextManager.m; sourceTree = "<group>"; };
		42AFE86E1BED081B00C886E1 /* User+CoreDataProperties.h */ = {isa = PBXFileReference; fileEncoding = 4; lastKnownFileType = sourcecode.c.h; path = "User+CoreDataProperties.h"; sourceTree = "<group>"; };
		42AFE86F1BED081B00C886E1 /* User+CoreDataProperties.m */ = {isa = PBXFileReference; fileEncoding = 4; lastKnownFileType = sourcecode.c.objc; path = "User+CoreDataProperties.m"; sourceTree = "<group>"; };
		42AFE8701BED081B00C886E1 /* User.h */ = {isa = PBXFileReference; fileEncoding = 4; lastKnownFileType = sourcecode.c.h; path = User.h; sourceTree = "<group>"; };
		42AFE8711BED081B00C886E1 /* User.m */ = {isa = PBXFileReference; fileEncoding = 4; lastKnownFileType = sourcecode.c.objc; path = User.m; sourceTree = "<group>"; };
		42AFE8741BED083A00C886E1 /* Experience+CoreDataProperties.h */ = {isa = PBXFileReference; fileEncoding = 4; lastKnownFileType = sourcecode.c.h; path = "Experience+CoreDataProperties.h"; sourceTree = "<group>"; };
		42AFE8751BED083A00C886E1 /* Experience+CoreDataProperties.m */ = {isa = PBXFileReference; fileEncoding = 4; lastKnownFileType = sourcecode.c.objc; path = "Experience+CoreDataProperties.m"; sourceTree = "<group>"; };
		42AFE8761BED083A00C886E1 /* Experience.h */ = {isa = PBXFileReference; fileEncoding = 4; lastKnownFileType = sourcecode.c.h; path = Experience.h; sourceTree = "<group>"; };
		42AFE8771BED083A00C886E1 /* Experience.m */ = {isa = PBXFileReference; fileEncoding = 4; lastKnownFileType = sourcecode.c.objc; path = Experience.m; sourceTree = "<group>"; };
		42AFE8781BED083A00C886E1 /* LevelNum+CoreDataProperties.h */ = {isa = PBXFileReference; fileEncoding = 4; lastKnownFileType = sourcecode.c.h; path = "LevelNum+CoreDataProperties.h"; sourceTree = "<group>"; };
		42AFE8791BED083A00C886E1 /* LevelNum+CoreDataProperties.m */ = {isa = PBXFileReference; fileEncoding = 4; lastKnownFileType = sourcecode.c.objc; path = "LevelNum+CoreDataProperties.m"; sourceTree = "<group>"; };
		42AFE87A1BED083A00C886E1 /* LevelNum.h */ = {isa = PBXFileReference; fileEncoding = 4; lastKnownFileType = sourcecode.c.h; path = LevelNum.h; sourceTree = "<group>"; };
		42AFE87B1BED083A00C886E1 /* LevelNum.m */ = {isa = PBXFileReference; fileEncoding = 4; lastKnownFileType = sourcecode.c.objc; path = LevelNum.m; sourceTree = "<group>"; };
		42AFE87C1BED083A00C886E1 /* Level+CoreDataProperties.h */ = {isa = PBXFileReference; fileEncoding = 4; lastKnownFileType = sourcecode.c.h; path = "Level+CoreDataProperties.h"; sourceTree = "<group>"; };
		42AFE87D1BED083A00C886E1 /* Level+CoreDataProperties.m */ = {isa = PBXFileReference; fileEncoding = 4; lastKnownFileType = sourcecode.c.objc; path = "Level+CoreDataProperties.m"; sourceTree = "<group>"; };
		42AFE87E1BED083A00C886E1 /* Level.h */ = {isa = PBXFileReference; fileEncoding = 4; lastKnownFileType = sourcecode.c.h; path = Level.h; sourceTree = "<group>"; };
		42AFE87F1BED083A00C886E1 /* Level.m */ = {isa = PBXFileReference; fileEncoding = 4; lastKnownFileType = sourcecode.c.objc; path = Level.m; sourceTree = "<group>"; };
		42AFE8801BED083A00C886E1 /* Props+CoreDataProperties.h */ = {isa = PBXFileReference; fileEncoding = 4; lastKnownFileType = sourcecode.c.h; path = "Props+CoreDataProperties.h"; sourceTree = "<group>"; };
		42AFE8811BED083A00C886E1 /* Props+CoreDataProperties.m */ = {isa = PBXFileReference; fileEncoding = 4; lastKnownFileType = sourcecode.c.objc; path = "Props+CoreDataProperties.m"; sourceTree = "<group>"; };
		42AFE8821BED083A00C886E1 /* Props.h */ = {isa = PBXFileReference; fileEncoding = 4; lastKnownFileType = sourcecode.c.h; path = Props.h; sourceTree = "<group>"; };
		42AFE8831BED083A00C886E1 /* Props.m */ = {isa = PBXFileReference; fileEncoding = 4; lastKnownFileType = sourcecode.c.objc; path = Props.m; sourceTree = "<group>"; };
		42AFE8A81BF064D800C886E1 /* ww.mid */ = {isa = PBXFileReference; lastKnownFileType = audio.midi; path = ww.mid; sourceTree = "<group>"; };
		42AFE8AC1BF066AD00C886E1 /* XAudioPlayer.h */ = {isa = PBXFileReference; fileEncoding = 4; lastKnownFileType = sourcecode.c.h; path = XAudioPlayer.h; sourceTree = "<group>"; };
		42AFE8AD1BF066AD00C886E1 /* XAudioPlayer.m */ = {isa = PBXFileReference; fileEncoding = 4; lastKnownFileType = sourcecode.c.objc; path = XAudioPlayer.m; sourceTree = "<group>"; };
		42AFE8AE1BF066AD00C886E1 /* XAudioUnit.h */ = {isa = PBXFileReference; fileEncoding = 4; lastKnownFileType = sourcecode.c.h; path = XAudioUnit.h; sourceTree = "<group>"; };
		42AFE8AF1BF066AD00C886E1 /* XAudioUnit.m */ = {isa = PBXFileReference; fileEncoding = 4; lastKnownFileType = sourcecode.c.objc; path = XAudioUnit.m; sourceTree = "<group>"; };
		42AFE8B01BF066AD00C886E1 /* XInstrumentAupreset.h */ = {isa = PBXFileReference; fileEncoding = 4; lastKnownFileType = sourcecode.c.h; path = XInstrumentAupreset.h; sourceTree = "<group>"; };
		42AFE8B11BF066AD00C886E1 /* XInstrumentAupreset.m */ = {isa = PBXFileReference; fileEncoding = 4; lastKnownFileType = sourcecode.c.objc; path = XInstrumentAupreset.m; sourceTree = "<group>"; };
		42AFE8B31BF066AD00C886E1 /* XFunction.h */ = {isa = PBXFileReference; fileEncoding = 4; lastKnownFileType = sourcecode.c.h; path = XFunction.h; sourceTree = "<group>"; };
		42AFE8B41BF066AD00C886E1 /* XFunction.m */ = {isa = PBXFileReference; fileEncoding = 4; lastKnownFileType = sourcecode.c.objc; path = XFunction.m; sourceTree = "<group>"; };
		42AFE8B71BF066AD00C886E1 /* XMidiChannelMessageEvent.h */ = {isa = PBXFileReference; fileEncoding = 4; lastKnownFileType = sourcecode.c.h; path = XMidiChannelMessageEvent.h; sourceTree = "<group>"; };
		42AFE8B81BF066AD00C886E1 /* XMidiChannelMessageEvent.m */ = {isa = PBXFileReference; fileEncoding = 4; lastKnownFileType = sourcecode.c.objc; path = XMidiChannelMessageEvent.m; sourceTree = "<group>"; };
		42AFE8B91BF066AD00C886E1 /* XMidiEvent.h */ = {isa = PBXFileReference; fileEncoding = 4; lastKnownFileType = sourcecode.c.h; path = XMidiEvent.h; sourceTree = "<group>"; };
		42AFE8BA1BF066AD00C886E1 /* XMidiEvent.m */ = {isa = PBXFileReference; fileEncoding = 4; lastKnownFileType = sourcecode.c.objc; path = XMidiEvent.m; sourceTree = "<group>"; };
		42AFE8BB1BF066AD00C886E1 /* XMidiNoteMessageEvent.h */ = {isa = PBXFileReference; fileEncoding = 4; lastKnownFileType = sourcecode.c.h; path = XMidiNoteMessageEvent.h; sourceTree = "<group>"; };
		42AFE8BC1BF066AD00C886E1 /* XMidiNoteMessageEvent.m */ = {isa = PBXFileReference; fileEncoding = 4; lastKnownFileType = sourcecode.c.objc; path = XMidiNoteMessageEvent.m; sourceTree = "<group>"; };
		42AFE8BD1BF066AD00C886E1 /* XMidiTempoEvent.h */ = {isa = PBXFileReference; fileEncoding = 4; lastKnownFileType = sourcecode.c.h; path = XMidiTempoEvent.h; sourceTree = "<group>"; };
		42AFE8BE1BF066AD00C886E1 /* XMidiTempoEvent.m */ = {isa = PBXFileReference; fileEncoding = 4; lastKnownFileType = sourcecode.c.objc; path = XMidiTempoEvent.m; sourceTree = "<group>"; };
		42AFE8BF1BF066AD00C886E1 /* XMidiEventIterator.h */ = {isa = PBXFileReference; fileEncoding = 4; lastKnownFileType = sourcecode.c.h; path = XMidiEventIterator.h; sourceTree = "<group>"; };
		42AFE8C01BF066AD00C886E1 /* XMidiEventIterator.m */ = {isa = PBXFileReference; fileEncoding = 4; lastKnownFileType = sourcecode.c.objc; path = XMidiEventIterator.m; sourceTree = "<group>"; };
		42AFE8C11BF066AD00C886E1 /* XMidiSequence.h */ = {isa = PBXFileReference; fileEncoding = 4; lastKnownFileType = sourcecode.c.h; path = XMidiSequence.h; sourceTree = "<group>"; };
		42AFE8C21BF066AD00C886E1 /* XMidiSequence.m */ = {isa = PBXFileReference; fileEncoding = 4; lastKnownFileType = sourcecode.c.objc; path = XMidiSequence.m; sourceTree = "<group>"; };
		42AFE8C31BF066AD00C886E1 /* XMidiTrack.h */ = {isa = PBXFileReference; fileEncoding = 4; lastKnownFileType = sourcecode.c.h; path = XMidiTrack.h; sourceTree = "<group>"; };
		42AFE8C41BF066AD00C886E1 /* XMidiTrack.m */ = {isa = PBXFileReference; fileEncoding = 4; lastKnownFileType = sourcecode.c.objc; path = XMidiTrack.m; sourceTree = "<group>"; };
		42AFE8C61BF066AD00C886E1 /* XMidiPlayer.h */ = {isa = PBXFileReference; fileEncoding = 4; lastKnownFileType = sourcecode.c.h; path = XMidiPlayer.h; sourceTree = "<group>"; };
		42AFE8C71BF066AD00C886E1 /* XMidiPlayer.m */ = {isa = PBXFileReference; fileEncoding = 4; lastKnownFileType = sourcecode.c.objc; path = XMidiPlayer.m; sourceTree = "<group>"; };
		42AFF5351BF07F2F00C886E1 /* Alto Sax.aupreset */ = {isa = PBXFileReference; fileEncoding = 4; lastKnownFileType = text.xml; path = "Alto Sax.aupreset"; sourceTree = "<group>"; };
		42AFF5361BF07F2F00C886E1 /* Celesta.aupreset */ = {isa = PBXFileReference; fileEncoding = 4; lastKnownFileType = text.xml; path = Celesta.aupreset; sourceTree = "<group>"; };
		42AFF5371BF07F2F00C886E1 /* Classical Acoustic Guitar.aupreset */ = {isa = PBXFileReference; fileEncoding = 4; lastKnownFileType = text.xml; path = "Classical Acoustic Guitar.aupreset"; sourceTree = "<group>"; };
		42AFF5381BF07F2F00C886E1 /* Flutes.aupreset */ = {isa = PBXFileReference; fileEncoding = 4; lastKnownFileType = text.xml; path = Flutes.aupreset; sourceTree = "<group>"; };
		42AFF5391BF07F2F00C886E1 /* French Horns.aupreset */ = {isa = PBXFileReference; fileEncoding = 4; lastKnownFileType = text.xml; path = "French Horns.aupreset"; sourceTree = "<group>"; };
		42AFF53A1BF07F2F00C886E1 /* Full Organ.aupreset */ = {isa = PBXFileReference; fileEncoding = 4; lastKnownFileType = text.xml; path = "Full Organ.aupreset"; sourceTree = "<group>"; };
		42AFF53B1BF07F2F00C886E1 /* Muted Electric Bass.aupreset */ = {isa = PBXFileReference; fileEncoding = 4; lastKnownFileType = text.xml; path = "Muted Electric Bass.aupreset"; sourceTree = "<group>"; };
		42AFF53C1BF07F2F00C886E1 /* Orchestral Kit.aupreset */ = {isa = PBXFileReference; fileEncoding = 4; lastKnownFileType = text.xml; path = "Orchestral Kit.aupreset"; sourceTree = "<group>"; };
		42AFF53D1BF07F2F00C886E1 /* String Ensemble.aupreset */ = {isa = PBXFileReference; fileEncoding = 4; lastKnownFileType = text.xml; path = "String Ensemble.aupreset"; sourceTree = "<group>"; };
		42AFF53E1BF07F2F00C886E1 /* Yamaha Grand Piano.aupreset */ = {isa = PBXFileReference; fileEncoding = 4; lastKnownFileType = text.xml; path = "Yamaha Grand Piano.aupreset"; sourceTree = "<group>"; };
		42E839101BC7F3640034DCCE /* CheckPoint.plist */ = {isa = PBXFileReference; fileEncoding = 4; lastKnownFileType = text.plist.xml; path = CheckPoint.plist; sourceTree = "<group>"; };
		42E839131BC7F80C0034DCCE /* PlistResources.h */ = {isa = PBXFileReference; fileEncoding = 4; lastKnownFileType = sourcecode.c.h; path = PlistResources.h; sourceTree = "<group>"; };
		42E839141BC7F80C0034DCCE /* PlistResources.m */ = {isa = PBXFileReference; fileEncoding = 4; lastKnownFileType = sourcecode.c.objc; path = PlistResources.m; sourceTree = "<group>"; };
		42E839161BC7FA500034DCCE /* Dlog.h */ = {isa = PBXFileReference; fileEncoding = 4; lastKnownFileType = sourcecode.c.h; path = Dlog.h; sourceTree = "<group>"; };
		42E8391E1BC806C40034DCCE /* TTAlertView.h */ = {isa = PBXFileReference; fileEncoding = 4; lastKnownFileType = sourcecode.c.h; path = TTAlertView.h; sourceTree = "<group>"; };
		42E8391F1BC806C40034DCCE /* TTAlertView.m */ = {isa = PBXFileReference; fileEncoding = 4; lastKnownFileType = sourcecode.c.objc; path = TTAlertView.m; sourceTree = "<group>"; };
		C14CA3B91B99A65100525099 /* EMRootViewController.h */ = {isa = PBXFileReference; fileEncoding = 4; lastKnownFileType = sourcecode.c.h; path = EMRootViewController.h; sourceTree = "<group>"; };
		C14CA3BA1B99A65100525099 /* EMRootViewController.m */ = {isa = PBXFileReference; fileEncoding = 4; lastKnownFileType = sourcecode.c.objc; path = EMRootViewController.m; sourceTree = "<group>"; };
		C14CA3BC1B99A9AD00525099 /* EMNavigationController.h */ = {isa = PBXFileReference; fileEncoding = 4; lastKnownFileType = sourcecode.c.h; path = EMNavigationController.h; sourceTree = "<group>"; };
		C14CA3BD1B99A9AD00525099 /* EMNavigationController.m */ = {isa = PBXFileReference; fileEncoding = 4; lastKnownFileType = sourcecode.c.objc; path = EMNavigationController.m; sourceTree = "<group>"; };
		C14CA3EC1B99BCE700525099 /* EarMaster-Prefix.pch */ = {isa = PBXFileReference; lastKnownFileType = sourcecode.c.h; path = "EarMaster-Prefix.pch"; sourceTree = "<group>"; };
		C14CA3ED1B99BD3700525099 /* Config.h */ = {isa = PBXFileReference; fileEncoding = 4; lastKnownFileType = sourcecode.c.h; path = Config.h; sourceTree = "<group>"; };
		C15189611B999F2B00249300 /* EarMaster.app */ = {isa = PBXFileReference; explicitFileType = wrapper.application; includeInIndex = 0; path = EarMaster.app; sourceTree = BUILT_PRODUCTS_DIR; };
		C15189651B999F2B00249300 /* Info.plist */ = {isa = PBXFileReference; lastKnownFileType = text.plist.xml; path = Info.plist; sourceTree = "<group>"; };
		C15189661B999F2B00249300 /* main.m */ = {isa = PBXFileReference; lastKnownFileType = sourcecode.c.objc; path = main.m; sourceTree = "<group>"; };
		C15189681B999F2B00249300 /* AppDelegate.h */ = {isa = PBXFileReference; lastKnownFileType = sourcecode.c.h; path = AppDelegate.h; sourceTree = "<group>"; };
		C15189691B999F2B00249300 /* AppDelegate.m */ = {isa = PBXFileReference; lastKnownFileType = sourcecode.c.objc; path = AppDelegate.m; sourceTree = "<group>"; };
		C151896F1B999F2B00249300 /* Base */ = {isa = PBXFileReference; lastKnownFileType = file.storyboard; name = Base; path = Base.lproj/Main.storyboard; sourceTree = "<group>"; };
		C15189711B999F2B00249300 /* Images.xcassets */ = {isa = PBXFileReference; lastKnownFileType = folder.assetcatalog; path = Images.xcassets; sourceTree = "<group>"; };
		C15189741B999F2B00249300 /* Base */ = {isa = PBXFileReference; lastKnownFileType = file.xib; name = Base; path = Base.lproj/LaunchScreen.xib; sourceTree = "<group>"; };
		C151897A1B999F2B00249300 /* EarMasterTests.xctest */ = {isa = PBXFileReference; explicitFileType = wrapper.cfbundle; includeInIndex = 0; path = EarMasterTests.xctest; sourceTree = BUILT_PRODUCTS_DIR; };
		C151897F1B999F2B00249300 /* Info.plist */ = {isa = PBXFileReference; lastKnownFileType = text.plist.xml; path = Info.plist; sourceTree = "<group>"; };
		C15189801B999F2B00249300 /* EarMasterTests.m */ = {isa = PBXFileReference; lastKnownFileType = sourcecode.c.objc; path = EarMasterTests.m; sourceTree = "<group>"; };
/* End PBXFileReference section */

/* Begin PBXFrameworksBuildPhase section */
		C151895E1B999F2B00249300 /* Frameworks */ = {
			isa = PBXFrameworksBuildPhase;
			buildActionMask = 2147483647;
			files = (
			);
			runOnlyForDeploymentPostprocessing = 0;
		};
		C15189771B999F2B00249300 /* Frameworks */ = {
			isa = PBXFrameworksBuildPhase;
			buildActionMask = 2147483647;
			files = (
			);
			runOnlyForDeploymentPostprocessing = 0;
		};
/* End PBXFrameworksBuildPhase section */

/* Begin PBXGroup section */
		42AFE86A1BEB588D00C886E1 /* CoreData */ = {
			isa = PBXGroup;
			children = (
				42AFE86B1BEB58BF00C886E1 /* EMDataContextManager.h */,
				42AFE86C1BEB58BF00C886E1 /* EMDataContextManager.m */,
				42AFE86E1BED081B00C886E1 /* User+CoreDataProperties.h */,
				42AFE86F1BED081B00C886E1 /* User+CoreDataProperties.m */,
				42AFE8701BED081B00C886E1 /* User.h */,
				42AFE8711BED081B00C886E1 /* User.m */,
				42AFE8741BED083A00C886E1 /* Experience+CoreDataProperties.h */,
				42AFE8751BED083A00C886E1 /* Experience+CoreDataProperties.m */,
				42AFE8761BED083A00C886E1 /* Experience.h */,
				42AFE8771BED083A00C886E1 /* Experience.m */,
				42AFE8781BED083A00C886E1 /* LevelNum+CoreDataProperties.h */,
				42AFE8791BED083A00C886E1 /* LevelNum+CoreDataProperties.m */,
				42AFE87A1BED083A00C886E1 /* LevelNum.h */,
				42AFE87B1BED083A00C886E1 /* LevelNum.m */,
				42AFE87C1BED083A00C886E1 /* Level+CoreDataProperties.h */,
				42AFE87D1BED083A00C886E1 /* Level+CoreDataProperties.m */,
				42AFE87E1BED083A00C886E1 /* Level.h */,
				42AFE87F1BED083A00C886E1 /* Level.m */,
				42AFE8801BED083A00C886E1 /* Props+CoreDataProperties.h */,
				42AFE8811BED083A00C886E1 /* Props+CoreDataProperties.m */,
				42AFE8821BED083A00C886E1 /* Props.h */,
				42AFE8831BED083A00C886E1 /* Props.m */,
			);
			name = CoreData;
			path = ../..;
			sourceTree = "<group>";
		};
		42AFE8AA1BF066AD00C886E1 /* XMidiLib */ = {
			isa = PBXGroup;
			children = (
				42AFE8AB1BF066AD00C886E1 /* AudioUnit */,
				42AFE8B21BF066AD00C886E1 /* Data */,
				42AFE8B51BF066AD00C886E1 /* MIDI */,
				42AFE8C51BF066AD00C886E1 /* Player */,
				42AFE8C81BF066AD00C886E1 /* Resource */,
			);
			path = XMidiLib;
			sourceTree = "<group>";
		};
		42AFE8AB1BF066AD00C886E1 /* AudioUnit */ = {
			isa = PBXGroup;
			children = (
				42AFE8AC1BF066AD00C886E1 /* XAudioPlayer.h */,
				42AFE8AD1BF066AD00C886E1 /* XAudioPlayer.m */,
				42AFE8AE1BF066AD00C886E1 /* XAudioUnit.h */,
				42AFE8AF1BF066AD00C886E1 /* XAudioUnit.m */,
				42AFE8B01BF066AD00C886E1 /* XInstrumentAupreset.h */,
				42AFE8B11BF066AD00C886E1 /* XInstrumentAupreset.m */,
			);
			path = AudioUnit;
			sourceTree = "<group>";
		};
		42AFE8B21BF066AD00C886E1 /* Data */ = {
			isa = PBXGroup;
			children = (
				42AFE8B31BF066AD00C886E1 /* XFunction.h */,
				42AFE8B41BF066AD00C886E1 /* XFunction.m */,
			);
			path = Data;
			sourceTree = "<group>";
		};
		42AFE8B51BF066AD00C886E1 /* MIDI */ = {
			isa = PBXGroup;
			children = (
				42AFE8B61BF066AD00C886E1 /* Events */,
				42AFE8BF1BF066AD00C886E1 /* XMidiEventIterator.h */,
				42AFE8C01BF066AD00C886E1 /* XMidiEventIterator.m */,
				42AFE8C11BF066AD00C886E1 /* XMidiSequence.h */,
				42AFE8C21BF066AD00C886E1 /* XMidiSequence.m */,
				42AFE8C31BF066AD00C886E1 /* XMidiTrack.h */,
				42AFE8C41BF066AD00C886E1 /* XMidiTrack.m */,
			);
			path = MIDI;
			sourceTree = "<group>";
		};
		42AFE8B61BF066AD00C886E1 /* Events */ = {
			isa = PBXGroup;
			children = (
				42AFE8B71BF066AD00C886E1 /* XMidiChannelMessageEvent.h */,
				42AFE8B81BF066AD00C886E1 /* XMidiChannelMessageEvent.m */,
				42AFE8B91BF066AD00C886E1 /* XMidiEvent.h */,
				42AFE8BA1BF066AD00C886E1 /* XMidiEvent.m */,
				42AFE8BB1BF066AD00C886E1 /* XMidiNoteMessageEvent.h */,
				42AFE8BC1BF066AD00C886E1 /* XMidiNoteMessageEvent.m */,
				42AFE8BD1BF066AD00C886E1 /* XMidiTempoEvent.h */,
				42AFE8BE1BF066AD00C886E1 /* XMidiTempoEvent.m */,
			);
			path = Events;
			sourceTree = "<group>";
		};
		42AFE8C51BF066AD00C886E1 /* Player */ = {
			isa = PBXGroup;
			children = (
				42AFE8C61BF066AD00C886E1 /* XMidiPlayer.h */,
				42AFE8C71BF066AD00C886E1 /* XMidiPlayer.m */,
			);
			path = Player;
			sourceTree = "<group>";
		};
		42AFE8C81BF066AD00C886E1 /* Resource */ = {
			isa = PBXGroup;
			children = (
				42AFF5341BF07F2F00C886E1 /* Aupreset */,
				42AFE8D41BF066AD00C886E1 /* Sounds */,
			);
			path = Resource;
			sourceTree = "<group>";
		};
		42AFE8D41BF066AD00C886E1 /* Sounds */ = {
			isa = PBXGroup;
			children = (
			);
			path = Sounds;
			sourceTree = "<group>";
		};
		42AFF5341BF07F2F00C886E1 /* Aupreset */ = {
			isa = PBXGroup;
			children = (
				42AFF5351BF07F2F00C886E1 /* Alto Sax.aupreset */,
				42AFF5361BF07F2F00C886E1 /* Celesta.aupreset */,
				42AFF5371BF07F2F00C886E1 /* Classical Acoustic Guitar.aupreset */,
				42AFF5381BF07F2F00C886E1 /* Flutes.aupreset */,
				42AFF5391BF07F2F00C886E1 /* French Horns.aupreset */,
				42AFF53A1BF07F2F00C886E1 /* Full Organ.aupreset */,
				42AFF53B1BF07F2F00C886E1 /* Muted Electric Bass.aupreset */,
				42AFF53C1BF07F2F00C886E1 /* Orchestral Kit.aupreset */,
				42AFF53D1BF07F2F00C886E1 /* String Ensemble.aupreset */,
				42AFF53E1BF07F2F00C886E1 /* Yamaha Grand Piano.aupreset */,
			);
			path = Aupreset;
			sourceTree = "<group>";
		};
		42E839121BC7F7DD0034DCCE /* Plist */ = {
			isa = PBXGroup;
			children = (
				42E839131BC7F80C0034DCCE /* PlistResources.h */,
				42E839141BC7F80C0034DCCE /* PlistResources.m */,
			);
			path = Plist;
			sourceTree = "<group>";
		};
		42E8391D1BC806C40034DCCE /* AalertView */ = {
			isa = PBXGroup;
			children = (
				42E8391E1BC806C40034DCCE /* TTAlertView.h */,
				42E8391F1BC806C40034DCCE /* TTAlertView.m */,
			);
			path = AalertView;
			sourceTree = "<group>";
		};
		C14CA3B11B99A62E00525099 /* Class */ = {
			isa = PBXGroup;
			children = (
				C14CA3ED1B99BD3700525099 /* Config.h */,
				C14CA3BF1B99AC1900525099 /* Tool */,
				C14CA3B21B99A62E00525099 /* Controller */,
				C14CA3B31B99A62E00525099 /* Model */,
				C14CA3B81B99A62E00525099 /* View */,
			);
			path = Class;
			sourceTree = "<group>";
		};
		C14CA3B21B99A62E00525099 /* Controller */ = {
			isa = PBXGroup;
			children = (
				C14CA3BC1B99A9AD00525099 /* EMNavigationController.h */,
				C14CA3BD1B99A9AD00525099 /* EMNavigationController.m */,
				C14CA3B91B99A65100525099 /* EMRootViewController.h */,
				C14CA3BA1B99A65100525099 /* EMRootViewController.m */,
			);
			path = Controller;
			sourceTree = "<group>";
		};
		C14CA3B31B99A62E00525099 /* Model */ = {
			isa = PBXGroup;
			children = (
				42AFE8671BEB324C00C886E1 /* EarMaster.xcdatamodeld */,
				42AFE86A1BEB588D00C886E1 /* CoreData */,
				C14CA3B41B99A62E00525099 /* NETManage */,
				C14CA3B51B99A62E00525099 /* OBJManage */,
				C14CA3B61B99A62E00525099 /* SQLManage */,
			);
			path = Model;
			sourceTree = "<group>";
		};
		C14CA3B41B99A62E00525099 /* NETManage */ = {
			isa = PBXGroup;
			children = (
			);
			path = NETManage;
			sourceTree = "<group>";
		};
		C14CA3B51B99A62E00525099 /* OBJManage */ = {
			isa = PBXGroup;
			children = (
			);
			path = OBJManage;
			sourceTree = "<group>";
		};
		C14CA3B61B99A62E00525099 /* SQLManage */ = {
			isa = PBXGroup;
			children = (
			);
			path = SQLManage;
			sourceTree = "<group>";
		};
		C14CA3B81B99A62E00525099 /* View */ = {
			isa = PBXGroup;
			children = (
			);
			path = View;
			sourceTree = "<group>";
		};
		C14CA3BF1B99AC1900525099 /* Tool */ = {
			isa = PBXGroup;
			children = (
				42E8391D1BC806C40034DCCE /* AalertView */,
				42E839121BC7F7DD0034DCCE /* Plist */,
				C14CA3C01B99AC1900525099 /* Category */,
				C14CA3C11B99AC1900525099 /* Util */,
			);
			path = Tool;
			sourceTree = "<group>";
		};
		C14CA3C01B99AC1900525099 /* Category */ = {
			isa = PBXGroup;
			children = (
			);
			path = Category;
			sourceTree = "<group>";
		};
		C14CA3C11B99AC1900525099 /* Util */ = {
			isa = PBXGroup;
			children = (
			);
			path = Util;
			sourceTree = "<group>";
		};
		C15189581B999F2B00249300 = {
			isa = PBXGroup;
			children = (
				42AFE8A81BF064D800C886E1 /* ww.mid */,
				42AFE8AA1BF066AD00C886E1 /* XMidiLib */,
				C15189631B999F2B00249300 /* EarMaster */,
				C151897D1B999F2B00249300 /* EarMasterTests */,
				C15189621B999F2B00249300 /* Products */,
			);
			sourceTree = "<group>";
		};
		C15189621B999F2B00249300 /* Products */ = {
			isa = PBXGroup;
			children = (
				C15189611B999F2B00249300 /* EarMaster.app */,
				C151897A1B999F2B00249300 /* EarMasterTests.xctest */,
			);
			name = Products;
			sourceTree = "<group>";
		};
		C15189631B999F2B00249300 /* EarMaster */ = {
			isa = PBXGroup;
			children = (
				C15189681B999F2B00249300 /* AppDelegate.h */,
				C15189691B999F2B00249300 /* AppDelegate.m */,
				C14CA3B11B99A62E00525099 /* Class */,
				C151896E1B999F2B00249300 /* Main.storyboard */,
				C15189711B999F2B00249300 /* Images.xcassets */,
				C15189731B999F2B00249300 /* LaunchScreen.xib */,
				C15189641B999F2B00249300 /* Supporting Files */,
			);
			path = EarMaster;
			sourceTree = "<group>";
		};
		C15189641B999F2B00249300 /* Supporting Files */ = {
			isa = PBXGroup;
			children = (
				C15189651B999F2B00249300 /* Info.plist */,
				C15189661B999F2B00249300 /* main.m */,
				C14CA3EC1B99BCE700525099 /* EarMaster-Prefix.pch */,
				42E839101BC7F3640034DCCE /* CheckPoint.plist */,
				42E839161BC7FA500034DCCE /* Dlog.h */,
			);
			name = "Supporting Files";
			sourceTree = "<group>";
		};
		C151897D1B999F2B00249300 /* EarMasterTests */ = {
			isa = PBXGroup;
			children = (
				C15189801B999F2B00249300 /* EarMasterTests.m */,
				C151897E1B999F2B00249300 /* Supporting Files */,
			);
			path = EarMasterTests;
			sourceTree = "<group>";
		};
		C151897E1B999F2B00249300 /* Supporting Files */ = {
			isa = PBXGroup;
			children = (
				C151897F1B999F2B00249300 /* Info.plist */,
			);
			name = "Supporting Files";
			sourceTree = "<group>";
		};
/* End PBXGroup section */

/* Begin PBXNativeTarget section */
		C15189601B999F2B00249300 /* EarMaster */ = {
			isa = PBXNativeTarget;
			buildConfigurationList = C15189841B999F2B00249300 /* Build configuration list for PBXNativeTarget "EarMaster" */;
			buildPhases = (
				C151895D1B999F2B00249300 /* Sources */,
				C151895E1B999F2B00249300 /* Frameworks */,
				C151895F1B999F2B00249300 /* Resources */,
			);
			buildRules = (
			);
			dependencies = (
			);
			name = EarMaster;
			productName = EarMaster;
			productReference = C15189611B999F2B00249300 /* EarMaster.app */;
			productType = "com.apple.product-type.application";
		};
		C15189791B999F2B00249300 /* EarMasterTests */ = {
			isa = PBXNativeTarget;
			buildConfigurationList = C15189871B999F2B00249300 /* Build configuration list for PBXNativeTarget "EarMasterTests" */;
			buildPhases = (
				C15189761B999F2B00249300 /* Sources */,
				C15189771B999F2B00249300 /* Frameworks */,
				C15189781B999F2B00249300 /* Resources */,
			);
			buildRules = (
			);
			dependencies = (
				C151897C1B999F2B00249300 /* PBXTargetDependency */,
			);
			name = EarMasterTests;
			productName = EarMasterTests;
			productReference = C151897A1B999F2B00249300 /* EarMasterTests.xctest */;
			productType = "com.apple.product-type.bundle.unit-test";
		};
/* End PBXNativeTarget section */

/* Begin PBXProject section */
		C15189591B999F2B00249300 /* Project object */ = {
			isa = PBXProject;
			attributes = {
				LastUpgradeCheck = 0620;
				ORGANIZATIONNAME = EM;
				TargetAttributes = {
					C15189601B999F2B00249300 = {
						CreatedOnToolsVersion = 6.2;
						DevelopmentTeam = 3PVRW5A25S;
					};
					C15189791B999F2B00249300 = {
						CreatedOnToolsVersion = 6.2;
						TestTargetID = C15189601B999F2B00249300;
					};
				};
			};
			buildConfigurationList = C151895C1B999F2B00249300 /* Build configuration list for PBXProject "EarMaster" */;
			compatibilityVersion = "Xcode 3.2";
			developmentRegion = English;
			hasScannedForEncodings = 0;
			knownRegions = (
				en,
				Base,
			);
			mainGroup = C15189581B999F2B00249300;
			productRefGroup = C15189621B999F2B00249300 /* Products */;
			projectDirPath = "";
			projectRoot = "";
			targets = (
				C15189601B999F2B00249300 /* EarMaster */,
				C15189791B999F2B00249300 /* EarMasterTests */,
			);
		};
/* End PBXProject section */

/* Begin PBXResourcesBuildPhase section */
		C151895F1B999F2B00249300 /* Resources */ = {
			isa = PBXResourcesBuildPhase;
			buildActionMask = 2147483647;
			files = (
				42AFF5431BF07F2F00C886E1 /* French Horns.aupreset in Resources */,
				C15189701B999F2B00249300 /* Main.storyboard in Resources */,
				42AFF5441BF07F2F00C886E1 /* Full Organ.aupreset in Resources */,
				C15189751B999F2B00249300 /* LaunchScreen.xib in Resources */,
				42AFF5481BF07F2F00C886E1 /* Yamaha Grand Piano.aupreset in Resources */,
				42AFF5401BF07F2F00C886E1 /* Celesta.aupreset in Resources */,
				42AFF5411BF07F2F00C886E1 /* Classical Acoustic Guitar.aupreset in Resources */,
				42AFF5451BF07F2F00C886E1 /* Muted Electric Bass.aupreset in Resources */,
				42AFF5471BF07F2F00C886E1 /* String Ensemble.aupreset in Resources */,
				42E839111BC7F3640034DCCE /* CheckPoint.plist in Resources */,
				42AFF5461BF07F2F00C886E1 /* Orchestral Kit.aupreset in Resources */,
				42AFF5421BF07F2F00C886E1 /* Flutes.aupreset in Resources */,
				C15189721B999F2B00249300 /* Images.xcassets in Resources */,
				42AFF53F1BF07F2F00C886E1 /* Alto Sax.aupreset in Resources */,
				42AFE8A91BF064D800C886E1 /* ww.mid in Resources */,
			);
			runOnlyForDeploymentPostprocessing = 0;
		};
		C15189781B999F2B00249300 /* Resources */ = {
			isa = PBXResourcesBuildPhase;
			buildActionMask = 2147483647;
			files = (
			);
			runOnlyForDeploymentPostprocessing = 0;
		};
/* End PBXResourcesBuildPhase section */

/* Begin PBXSourcesBuildPhase section */
		C151895D1B999F2B00249300 /* Sources */ = {
			isa = PBXSourcesBuildPhase;
			buildActionMask = 2147483647;
			files = (
				42AFEDC41BF066B100C886E1 /* XMidiPlayer.m in Sources */,
				42AFEDB91BF066B100C886E1 /* XAudioPlayer.m in Sources */,
				42AFE8731BED081B00C886E1 /* User.m in Sources */,
				42AFE8851BED083A00C886E1 /* Experience.m in Sources */,
				42AFE8721BED081B00C886E1 /* User+CoreDataProperties.m in Sources */,
				42AFE8881BED083A00C886E1 /* Level+CoreDataProperties.m in Sources */,
				C14CA3BB1B99A65100525099 /* EMRootViewController.m in Sources */,
				42AFEDBC1BF066B100C886E1 /* XFunction.m in Sources */,
				42AFE88B1BED083A00C886E1 /* Props.m in Sources */,
				42AFE8691BEB324C00C886E1 /* EarMaster.xcdatamodeld in Sources */,
				42AFEDC31BF066B100C886E1 /* XMidiTrack.m in Sources */,
				42AFE88A1BED083A00C886E1 /* Props+CoreDataProperties.m in Sources */,
				42AFEDBA1BF066B100C886E1 /* XAudioUnit.m in Sources */,
				C14CA3BE1B99A9AD00525099 /* EMNavigationController.m in Sources */,
				42E839201BC806C40034DCCE /* TTAlertView.m in Sources */,
				42AFE8861BED083A00C886E1 /* LevelNum+CoreDataProperties.m in Sources */,
				42AFEDBD1BF066B100C886E1 /* XMidiChannelMessageEvent.m in Sources */,
				42AFE8871BED083A00C886E1 /* LevelNum.m in Sources */,
				C151896A1B999F2B00249300 /* AppDelegate.m in Sources */,
				42AFE8891BED083A00C886E1 /* Level.m in Sources */,
				42AFEDC01BF066B100C886E1 /* XMidiTempoEvent.m in Sources */,
				42AFEDBB1BF066B100C886E1 /* XInstrumentAupreset.m in Sources */,
				42AFE8841BED083A00C886E1 /* Experience+CoreDataProperties.m in Sources */,
				42AFE86D1BEB58BF00C886E1 /* EMDataContextManager.m in Sources */,
				42AFEDC21BF066B100C886E1 /* XMidiSequence.m in Sources */,
				42E839151BC7F80C0034DCCE /* PlistResources.m in Sources */,
				42AFEDBF1BF066B100C886E1 /* XMidiNoteMessageEvent.m in Sources */,
				C15189671B999F2B00249300 /* main.m in Sources */,
				42AFEDC11BF066B100C886E1 /* XMidiEventIterator.m in Sources */,
				42AFEDBE1BF066B100C886E1 /* XMidiEvent.m in Sources */,
			);
			runOnlyForDeploymentPostprocessing = 0;
		};
		C15189761B999F2B00249300 /* Sources */ = {
			isa = PBXSourcesBuildPhase;
			buildActionMask = 2147483647;
			files = (
				C15189811B999F2B00249300 /* EarMasterTests.m in Sources */,
			);
			runOnlyForDeploymentPostprocessing = 0;
		};
/* End PBXSourcesBuildPhase section */

/* Begin PBXTargetDependency section */
		C151897C1B999F2B00249300 /* PBXTargetDependency */ = {
			isa = PBXTargetDependency;
			target = C15189601B999F2B00249300 /* EarMaster */;
			targetProxy = C151897B1B999F2B00249300 /* PBXContainerItemProxy */;
		};
/* End PBXTargetDependency section */

/* Begin PBXVariantGroup section */
		C151896E1B999F2B00249300 /* Main.storyboard */ = {
			isa = PBXVariantGroup;
			children = (
				C151896F1B999F2B00249300 /* Base */,
			);
			name = Main.storyboard;
			sourceTree = "<group>";
		};
		C15189731B999F2B00249300 /* LaunchScreen.xib */ = {
			isa = PBXVariantGroup;
			children = (
				C15189741B999F2B00249300 /* Base */,
			);
			name = LaunchScreen.xib;
			sourceTree = "<group>";
		};
/* End PBXVariantGroup section */

/* Begin XCBuildConfiguration section */
		C15189821B999F2B00249300 /* Debug */ = {
			isa = XCBuildConfiguration;
			buildSettings = {
				ALWAYS_SEARCH_USER_PATHS = NO;
				CLANG_CXX_LANGUAGE_STANDARD = "gnu++0x";
				CLANG_CXX_LIBRARY = "libc++";
				CLANG_ENABLE_MODULES = YES;
				CLANG_ENABLE_OBJC_ARC = YES;
				CLANG_WARN_BOOL_CONVERSION = YES;
				CLANG_WARN_CONSTANT_CONVERSION = YES;
				CLANG_WARN_DIRECT_OBJC_ISA_USAGE = YES_ERROR;
				CLANG_WARN_EMPTY_BODY = YES;
				CLANG_WARN_ENUM_CONVERSION = YES;
				CLANG_WARN_INT_CONVERSION = YES;
				CLANG_WARN_OBJC_ROOT_CLASS = YES_ERROR;
				CLANG_WARN_UNREACHABLE_CODE = YES;
				CLANG_WARN__DUPLICATE_METHOD_MATCH = YES;
				"CODE_SIGN_IDENTITY[sdk=iphoneos*]" = "iPhone Developer";
				COPY_PHASE_STRIP = NO;
				ENABLE_STRICT_OBJC_MSGSEND = YES;
				GCC_C_LANGUAGE_STANDARD = gnu99;
				GCC_DYNAMIC_NO_PIC = NO;
				GCC_OPTIMIZATION_LEVEL = 0;
				GCC_PREPROCESSOR_DEFINITIONS = (
					"DEBUG=1",
					"$(inherited)",
				);
				GCC_SYMBOLS_PRIVATE_EXTERN = NO;
				GCC_WARN_64_TO_32_BIT_CONVERSION = YES;
				GCC_WARN_ABOUT_RETURN_TYPE = YES_ERROR;
				GCC_WARN_UNDECLARED_SELECTOR = YES;
				GCC_WARN_UNINITIALIZED_AUTOS = YES_AGGRESSIVE;
				GCC_WARN_UNUSED_FUNCTION = YES;
				GCC_WARN_UNUSED_VARIABLE = YES;
				IPHONEOS_DEPLOYMENT_TARGET = 8.2;
				MTL_ENABLE_DEBUG_INFO = YES;
				ONLY_ACTIVE_ARCH = YES;
				SDKROOT = iphoneos;
				TARGETED_DEVICE_FAMILY = "1,2";
			};
			name = Debug;
		};
		C15189831B999F2B00249300 /* Release */ = {
			isa = XCBuildConfiguration;
			buildSettings = {
				ALWAYS_SEARCH_USER_PATHS = NO;
				CLANG_CXX_LANGUAGE_STANDARD = "gnu++0x";
				CLANG_CXX_LIBRARY = "libc++";
				CLANG_ENABLE_MODULES = YES;
				CLANG_ENABLE_OBJC_ARC = YES;
				CLANG_WARN_BOOL_CONVERSION = YES;
				CLANG_WARN_CONSTANT_CONVERSION = YES;
				CLANG_WARN_DIRECT_OBJC_ISA_USAGE = YES_ERROR;
				CLANG_WARN_EMPTY_BODY = YES;
				CLANG_WARN_ENUM_CONVERSION = YES;
				CLANG_WARN_INT_CONVERSION = YES;
				CLANG_WARN_OBJC_ROOT_CLASS = YES_ERROR;
				CLANG_WARN_UNREACHABLE_CODE = YES;
				CLANG_WARN__DUPLICATE_METHOD_MATCH = YES;
				"CODE_SIGN_IDENTITY[sdk=iphoneos*]" = "iPhone Developer";
				COPY_PHASE_STRIP = NO;
				ENABLE_NS_ASSERTIONS = NO;
				ENABLE_STRICT_OBJC_MSGSEND = YES;
				GCC_C_LANGUAGE_STANDARD = gnu99;
				GCC_WARN_64_TO_32_BIT_CONVERSION = YES;
				GCC_WARN_ABOUT_RETURN_TYPE = YES_ERROR;
				GCC_WARN_UNDECLARED_SELECTOR = YES;
				GCC_WARN_UNINITIALIZED_AUTOS = YES_AGGRESSIVE;
				GCC_WARN_UNUSED_FUNCTION = YES;
				GCC_WARN_UNUSED_VARIABLE = YES;
				IPHONEOS_DEPLOYMENT_TARGET = 8.2;
				MTL_ENABLE_DEBUG_INFO = NO;
				SDKROOT = iphoneos;
				TARGETED_DEVICE_FAMILY = "1,2";
				VALIDATE_PRODUCT = YES;
			};
			name = Release;
		};
		C15189851B999F2B00249300 /* Debug */ = {
			isa = XCBuildConfiguration;
			buildSettings = {
				ASSETCATALOG_COMPILER_APPICON_NAME = AppIcon;
				CODE_SIGN_IDENTITY = "iPhone Developer";
				ENABLE_NS_ASSERTIONS = YES;
				GCC_PREFIX_HEADER = "EarMaster/EarMaster-Prefix.pch";
				INFOPLIST_FILE = EarMaster/Info.plist;
				IPHONEOS_DEPLOYMENT_TARGET = 7.0;
				LD_RUNPATH_SEARCH_PATHS = "$(inherited) @executable_path/Frameworks";
				PRODUCT_NAME = "$(TARGET_NAME)";
				SDKROOT = iphoneos9.1;
			};
			name = Debug;
		};
		C15189861B999F2B00249300 /* Release */ = {
			isa = XCBuildConfiguration;
			buildSettings = {
				ASSETCATALOG_COMPILER_APPICON_NAME = AppIcon;
				CODE_SIGN_IDENTITY = "iPhone Developer";
				ENABLE_NS_ASSERTIONS = YES;
				GCC_PREFIX_HEADER = "EarMaster/EarMaster-Prefix.pch";
				INFOPLIST_FILE = EarMaster/Info.plist;
				IPHONEOS_DEPLOYMENT_TARGET = 7.0;
				LD_RUNPATH_SEARCH_PATHS = "$(inherited) @executable_path/Frameworks";
				PRODUCT_NAME = "$(TARGET_NAME)";
				SDKROOT = iphoneos9.1;
			};
			name = Release;
		};
		C15189881B999F2B00249300 /* Debug */ = {
			isa = XCBuildConfiguration;
			buildSettings = {
				BUNDLE_LOADER = "$(TEST_HOST)";
				FRAMEWORK_SEARCH_PATHS = (
					"$(SDKROOT)/Developer/Library/Frameworks",
					"$(inherited)",
				);
				GCC_PREPROCESSOR_DEFINITIONS = (
					"DEBUG=1",
					"$(inherited)",
				);
				INFOPLIST_FILE = EarMasterTests/Info.plist;
				LD_RUNPATH_SEARCH_PATHS = "$(inherited) @executable_path/Frameworks @loader_path/Frameworks";
				PRODUCT_NAME = "$(TARGET_NAME)";
				TEST_HOST = "$(BUILT_PRODUCTS_DIR)/EarMaster.app/EarMaster";
			};
			name = Debug;
		};
		C15189891B999F2B00249300 /* Release */ = {
			isa = XCBuildConfiguration;
			buildSettings = {
				BUNDLE_LOADER = "$(TEST_HOST)";
				FRAMEWORK_SEARCH_PATHS = (
					"$(SDKROOT)/Developer/Library/Frameworks",
					"$(inherited)",
				);
				INFOPLIST_FILE = EarMasterTests/Info.plist;
				LD_RUNPATH_SEARCH_PATHS = "$(inherited) @executable_path/Frameworks @loader_path/Frameworks";
				PRODUCT_NAME = "$(TARGET_NAME)";
				TEST_HOST = "$(BUILT_PRODUCTS_DIR)/EarMaster.app/EarMaster";
			};
			name = Release;
		};
/* End XCBuildConfiguration section */

/* Begin XCConfigurationList section */
		C151895C1B999F2B00249300 /* Build configuration list for PBXProject "EarMaster" */ = {
			isa = XCConfigurationList;
			buildConfigurations = (
				C15189821B999F2B00249300 /* Debug */,
				C15189831B999F2B00249300 /* Release */,
			);
			defaultConfigurationIsVisible = 0;
			defaultConfigurationName = Release;
		};
		C15189841B999F2B00249300 /* Build configuration list for PBXNativeTarget "EarMaster" */ = {
			isa = XCConfigurationList;
			buildConfigurations = (
				C15189851B999F2B00249300 /* Debug */,
				C15189861B999F2B00249300 /* Release */,
			);
			defaultConfigurationIsVisible = 0;
			defaultConfigurationName = Release;
		};
		C15189871B999F2B00249300 /* Build configuration list for PBXNativeTarget "EarMasterTests" */ = {
			isa = XCConfigurationList;
			buildConfigurations = (
				C15189881B999F2B00249300 /* Debug */,
				C15189891B999F2B00249300 /* Release */,
			);
			defaultConfigurationIsVisible = 0;
			defaultConfigurationName = Release;
		};
/* End XCConfigurationList section */

/* Begin XCVersionGroup section */
		42AFE8671BEB324C00C886E1 /* EarMaster.xcdatamodeld */ = {
			isa = XCVersionGroup;
			children = (
				42AFE8681BEB324C00C886E1 /* EarMaster.xcdatamodel */,
			);
			currentVersion = 42AFE8681BEB324C00C886E1 /* EarMaster.xcdatamodel */;
			name = EarMaster.xcdatamodeld;
			path = ../../../EarMaster.xcdatamodeld;
			sourceTree = "<group>";
			versionGroupType = wrapper.xcdatamodel;
		};
/* End XCVersionGroup section */
	};
	rootObject = C15189591B999F2B00249300 /* Project object */;
}
